
Microsoft Visual Studio Solution File, Format Version 12.00
# Visual Studio Version 17
VisualStudioVersion = 17.10.34916.146
MinimumVisualStudioVersion = 10.0.40219.1
Project("{9A19103F-16F7-4668-BE54-9A1E7A4F7556}") = "Chess.Admin", "Chess.Admin\Chess.Admin.csproj", "{2AA297F5-722B-4A5D-8999-F9D196B03C95}"
EndProject
Project("{9A19103F-16F7-4668-BE54-9A1E7A4F7556}") = "Chess.Admin.Desktop", "Chess.Admin.Desktop\Chess.Admin.Desktop.csproj", "{2CFF1753-747C-4043-8CA7-24A161FF4182}"
EndProject
Project("{9A19103F-16F7-4668-BE54-9A1E7A4F7556}") = "ChessDB", "ChessDB\ChessDB.csproj", "{2478D31E-A1E2-471C-8FA6-7F02F6DB574A}"
EndProject
Global
	GlobalSection(SolutionConfigurationPlatforms) = preSolution
		Debug|Any CPU = Debug|Any CPU
		Release|Any CPU = Release|Any CPU
	EndGlobalSection
	GlobalSection(ProjectConfigurationPlatforms) = postSolution
		{2AA297F5-722B-4A5D-8999-F9D196B03C95}.Debug|Any CPU.ActiveCfg = Debug|Any CPU
		{2AA297F5-722B-4A5D-8999-F9D196B03C95}.Debug|Any CPU.Build.0 = Debug|Any CPU
		{2AA297F5-722B-4A5D-8999-F9D196B03C95}.Release|Any CPU.ActiveCfg = Release|Any CPU
		{2AA297F5-722B-4A5D-8999-F9D196B03C95}.Release|Any CPU.Build.0 = Release|Any CPU
		{2CFF1753-747C-4043-8CA7-24A161FF4182}.Debug|Any CPU.ActiveCfg = Debug|Any CPU
		{2CFF1753-747C-4043-8CA7-24A161FF4182}.Debug|Any CPU.Build.0 = Debug|Any CPU
		{2CFF1753-747C-4043-8CA7-24A161FF4182}.Release|Any CPU.ActiveCfg = Release|Any CPU
		{2CFF1753-747C-4043-8CA7-24A161FF4182}.Release|Any CPU.Build.0 = Release|Any CPU
		{2478D31E-A1E2-471C-8FA6-7F02F6DB574A}.Debug|Any CPU.ActiveCfg = Debug|Any CPU
		{2478D31E-A1E2-471C-8FA6-7F02F6DB574A}.Debug|Any CPU.Build.0 = Debug|Any CPU
		{2478D31E-A1E2-471C-8FA6-7F02F6DB574A}.Release|Any CPU.ActiveCfg = Release|Any CPU
		{2478D31E-A1E2-471C-8FA6-7F02F6DB574A}.Release|Any CPU.Build.0 = Release|Any CPU
	EndGlobalSection
	GlobalSection(SolutionProperties) = preSolution
		HideSolutionNode = FALSE
	EndGlobalSection
	GlobalSection(ExtensibilityGlobals) = postSolution
		SolutionGuid = {04D7D459-824F-4ABD-9C9D-43A7D7DB2425}
	EndGlobalSection
EndGlobal
